
Microsoft Visual Studio Solution File, Format Version 12.00
# Visual Studio Version 17
VisualStudioVersion = 17.4.33213.308
MinimumVisualStudioVersion = 10.0.40219.1
Project("{FAE04EC0-301F-11D3-BF4B-00C04F79EFBC}") = "FirstTask", "FirstTask\FirstTask.csproj", "{81CC9555-01AD-4EC6-ADEF-7367285A2EB4}"
EndProject
Global
	GlobalSection(SolutionConfigurationPlatforms) = preSolution
		Debug|Any CPU = Debug|Any CPU
		Release|Any CPU = Release|Any CPU
	EndGlobalSection
	GlobalSection(ProjectConfigurationPlatforms) = postSolution
		{81CC9555-01AD-4EC6-ADEF-7367285A2EB4}.Debug|Any CPU.ActiveCfg = Debug|Any CPU
		{81CC9555-01AD-4EC6-ADEF-7367285A2EB4}.Debug|Any CPU.Build.0 = Debug|Any CPU
		{81CC9555-01AD-4EC6-ADEF-7367285A2EB4}.Release|Any CPU.ActiveCfg = Release|Any CPU
		{81CC9555-01AD-4EC6-ADEF-7367285A2EB4}.Release|Any CPU.Build.0 = Release|Any CPU
	EndGlobalSection
	GlobalSection(SolutionProperties) = preSolution
		HideSolutionNode = FALSE
	EndGlobalSection
	GlobalSection(ExtensibilityGlobals) = postSolution
		SolutionGuid = {2823A8BA-58DB-4A90-A57D-134DD65568F3}
	EndGlobalSection
EndGlobal
